// !$*UTF8*$!
{
	archiveVersion = 1;
	classes = {
	};
	objectVersion = 46;
	objects = {

/* Begin PBXBuildFile section */
		7BC900011C8A83A300F07576 /* ZTLogin.swift in Sources */ = {isa = PBXBuildFile; fileRef = 7BC900001C8A83A300F07576 /* ZTLogin.swift */; };
		7BC900031C8A83C900F07576 /* ZTRegister.swift in Sources */ = {isa = PBXBuildFile; fileRef = 7BC900021C8A83C900F07576 /* ZTRegister.swift */; };
		7BC900051C8A83E700F07576 /* ZTGetCars.swift in Sources */ = {isa = PBXBuildFile; fileRef = 7BC900041C8A83E700F07576 /* ZTGetCars.swift */; };
		7BC900071C8A843300F07576 /* ZTBaseViewController.swift in Sources */ = {isa = PBXBuildFile; fileRef = 7BC900061C8A843300F07576 /* ZTBaseViewController.swift */; };
		7BC9000A1C8A864800F07576 /* ZTBasePage.swift in Sources */ = {isa = PBXBuildFile; fileRef = 7BC900091C8A864800F07576 /* ZTBasePage.swift */; };
		7BC9000C1C8A866200F07576 /* ZTLoginPage.swift in Sources */ = {isa = PBXBuildFile; fileRef = 7BC9000B1C8A866200F07576 /* ZTLoginPage.swift */; };
		7BC9000E1C8A868000F07576 /* ZTGuidePage.swift in Sources */ = {isa = PBXBuildFile; fileRef = 7BC9000D1C8A868000F07576 /* ZTGuidePage.swift */; };
		7BC900101C8A86A100F07576 /* ZTRegisterPage.swift in Sources */ = {isa = PBXBuildFile; fileRef = 7BC9000F1C8A86A100F07576 /* ZTRegisterPage.swift */; };
		7BC900121C8A872A00F07576 /* ZTBindPayPage.swift in Sources */ = {isa = PBXBuildFile; fileRef = 7BC900111C8A872A00F07576 /* ZTBindPayPage.swift */; };
		7BC9FFBE1C8A789C00F07576 /* AppDelegate.swift in Sources */ = {isa = PBXBuildFile; fileRef = 7BC9FFBD1C8A789C00F07576 /* AppDelegate.swift */; };
		7BC9FFC01C8A789C00F07576 /* ViewController.swift in Sources */ = {isa = PBXBuildFile; fileRef = 7BC9FFBF1C8A789C00F07576 /* ViewController.swift */; };
		7BC9FFC31C8A789C00F07576 /* Main.storyboard in Resources */ = {isa = PBXBuildFile; fileRef = 7BC9FFC11C8A789C00F07576 /* Main.storyboard */; };
		7BC9FFC51C8A789C00F07576 /* Assets.xcassets in Resources */ = {isa = PBXBuildFile; fileRef = 7BC9FFC41C8A789C00F07576 /* Assets.xcassets */; };
		7BC9FFC81C8A789C00F07576 /* LaunchScreen.storyboard in Resources */ = {isa = PBXBuildFile; fileRef = 7BC9FFC61C8A789C00F07576 /* LaunchScreen.storyboard */; };
		7BC9FFD31C8A789C00F07576 /* ZTTaxiTests.swift in Sources */ = {isa = PBXBuildFile; fileRef = 7BC9FFD21C8A789C00F07576 /* ZTTaxiTests.swift */; };
		7BC9FFDE1C8A789C00F07576 /* ZTTaxiUITests.swift in Sources */ = {isa = PBXBuildFile; fileRef = 7BC9FFDD1C8A789C00F07576 /* ZTTaxiUITests.swift */; };
		7BC9FFFB1C8A82EE00F07576 /* ZTBaseInfo.swift in Sources */ = {isa = PBXBuildFile; fileRef = 7BC9FFFA1C8A82EE00F07576 /* ZTBaseInfo.swift */; };
		7BC9FFFD1C8A832E00F07576 /* ZTUserInfo.swift in Sources */ = {isa = PBXBuildFile; fileRef = 7BC9FFFC1C8A832E00F07576 /* ZTUserInfo.swift */; };
		7BC9FFFF1C8A836900F07576 /* ZTOperation.swift in Sources */ = {isa = PBXBuildFile; fileRef = 7BC9FFFE1C8A836900F07576 /* ZTOperation.swift */; };
/* End PBXBuildFile section */

/* Begin PBXContainerItemProxy section */
		7BC9FFCF1C8A789C00F07576 /* PBXContainerItemProxy */ = {
			isa = PBXContainerItemProxy;
			containerPortal = 7BC9FFB21C8A789C00F07576 /* Project object */;
			proxyType = 1;
			remoteGlobalIDString = 7BC9FFB91C8A789C00F07576;
			remoteInfo = ZTTaxi;
		};
		7BC9FFDA1C8A789C00F07576 /* PBXContainerItemProxy */ = {
			isa = PBXContainerItemProxy;
			containerPortal = 7BC9FFB21C8A789C00F07576 /* Project object */;
			proxyType = 1;
			remoteGlobalIDString = 7BC9FFB91C8A789C00F07576;
			remoteInfo = ZTTaxi;
		};
/* End PBXContainerItemProxy section */

/* Begin PBXFileReference section */
		7BC900001C8A83A300F07576 /* ZTLogin.swift */ = {isa = PBXFileReference; fileEncoding = 4; lastKnownFileType = sourcecode.swift; path = ZTLogin.swift; sourceTree = "<group>"; };
		7BC900021C8A83C900F07576 /* ZTRegister.swift */ = {isa = PBXFileReference; fileEncoding = 4; lastKnownFileType = sourcecode.swift; path = ZTRegister.swift; sourceTree = "<group>"; };
		7BC900041C8A83E700F07576 /* ZTGetCars.swift */ = {isa = PBXFileReference; fileEncoding = 4; lastKnownFileType = sourcecode.swift; path = ZTGetCars.swift; sourceTree = "<group>"; };
		7BC900061C8A843300F07576 /* ZTBaseViewController.swift */ = {isa = PBXFileReference; fileEncoding = 4; lastKnownFileType = sourcecode.swift; path = ZTBaseViewController.swift; sourceTree = "<group>"; };
		7BC900091C8A864800F07576 /* ZTBasePage.swift */ = {isa = PBXFileReference; fileEncoding = 4; lastKnownFileType = sourcecode.swift; path = ZTBasePage.swift; sourceTree = "<group>"; };
		7BC9000B1C8A866200F07576 /* ZTLoginPage.swift */ = {isa = PBXFileReference; fileEncoding = 4; lastKnownFileType = sourcecode.swift; path = ZTLoginPage.swift; sourceTree = "<group>"; };
		7BC9000D1C8A868000F07576 /* ZTGuidePage.swift */ = {isa = PBXFileReference; fileEncoding = 4; lastKnownFileType = sourcecode.swift; path = ZTGuidePage.swift; sourceTree = "<group>"; };
		7BC9000F1C8A86A100F07576 /* ZTRegisterPage.swift */ = {isa = PBXFileReference; fileEncoding = 4; lastKnownFileType = sourcecode.swift; path = ZTRegisterPage.swift; sourceTree = "<group>"; };
		7BC900111C8A872A00F07576 /* ZTBindPayPage.swift */ = {isa = PBXFileReference; fileEncoding = 4; lastKnownFileType = sourcecode.swift; path = ZTBindPayPage.swift; sourceTree = "<group>"; };
		7BC9FFBA1C8A789C00F07576 /* ZTTaxi.app */ = {isa = PBXFileReference; explicitFileType = wrapper.application; includeInIndex = 0; path = ZTTaxi.app; sourceTree = BUILT_PRODUCTS_DIR; };
		7BC9FFBD1C8A789C00F07576 /* AppDelegate.swift */ = {isa = PBXFileReference; lastKnownFileType = sourcecode.swift; path = AppDelegate.swift; sourceTree = "<group>"; };
		7BC9FFBF1C8A789C00F07576 /* ViewController.swift */ = {isa = PBXFileReference; lastKnownFileType = sourcecode.swift; path = ViewController.swift; sourceTree = "<group>"; };
		7BC9FFC21C8A789C00F07576 /* Base */ = {isa = PBXFileReference; lastKnownFileType = file.storyboard; name = Base; path = Base.lproj/Main.storyboard; sourceTree = "<group>"; };
		7BC9FFC41C8A789C00F07576 /* Assets.xcassets */ = {isa = PBXFileReference; lastKnownFileType = folder.assetcatalog; path = Assets.xcassets; sourceTree = "<group>"; };
		7BC9FFC71C8A789C00F07576 /* Base */ = {isa = PBXFileReference; lastKnownFileType = file.storyboard; name = Base; path = Base.lproj/LaunchScreen.storyboard; sourceTree = "<group>"; };
		7BC9FFC91C8A789C00F07576 /* Info.plist */ = {isa = PBXFileReference; lastKnownFileType = text.plist.xml; path = Info.plist; sourceTree = "<group>"; };
		7BC9FFCE1C8A789C00F07576 /* ZTTaxiTests.xctest */ = {isa = PBXFileReference; explicitFileType = wrapper.cfbundle; includeInIndex = 0; path = ZTTaxiTests.xctest; sourceTree = BUILT_PRODUCTS_DIR; };
		7BC9FFD21C8A789C00F07576 /* ZTTaxiTests.swift */ = {isa = PBXFileReference; lastKnownFileType = sourcecode.swift; path = ZTTaxiTests.swift; sourceTree = "<group>"; };
		7BC9FFD41C8A789C00F07576 /* Info.plist */ = {isa = PBXFileReference; lastKnownFileType = text.plist.xml; path = Info.plist; sourceTree = "<group>"; };
		7BC9FFD91C8A789C00F07576 /* ZTTaxiUITests.xctest */ = {isa = PBXFileReference; explicitFileType = wrapper.cfbundle; includeInIndex = 0; path = ZTTaxiUITests.xctest; sourceTree = BUILT_PRODUCTS_DIR; };
		7BC9FFDD1C8A789C00F07576 /* ZTTaxiUITests.swift */ = {isa = PBXFileReference; lastKnownFileType = sourcecode.swift; path = ZTTaxiUITests.swift; sourceTree = "<group>"; };
		7BC9FFDF1C8A789C00F07576 /* Info.plist */ = {isa = PBXFileReference; lastKnownFileType = text.plist.xml; path = Info.plist; sourceTree = "<group>"; };
		7BC9FFFA1C8A82EE00F07576 /* ZTBaseInfo.swift */ = {isa = PBXFileReference; fileEncoding = 4; lastKnownFileType = sourcecode.swift; path = ZTBaseInfo.swift; sourceTree = "<group>"; };
		7BC9FFFC1C8A832E00F07576 /* ZTUserInfo.swift */ = {isa = PBXFileReference; fileEncoding = 4; lastKnownFileType = sourcecode.swift; path = ZTUserInfo.swift; sourceTree = "<group>"; };
		7BC9FFFE1C8A836900F07576 /* ZTOperation.swift */ = {isa = PBXFileReference; fileEncoding = 4; lastKnownFileType = sourcecode.swift; path = ZTOperation.swift; sourceTree = "<group>"; };
/* End PBXFileReference section */

/* Begin PBXFrameworksBuildPhase section */
		7BC9FFB71C8A789C00F07576 /* Frameworks */ = {
			isa = PBXFrameworksBuildPhase;
			buildActionMask = 2147483647;
			files = (
			);
			runOnlyForDeploymentPostprocessing = 0;
		};
		7BC9FFCB1C8A789C00F07576 /* Frameworks */ = {
			isa = PBXFrameworksBuildPhase;
			buildActionMask = 2147483647;
			files = (
			);
			runOnlyForDeploymentPostprocessing = 0;
		};
		7BC9FFD61C8A789C00F07576 /* Frameworks */ = {
			isa = PBXFrameworksBuildPhase;
			buildActionMask = 2147483647;
			files = (
			);
			runOnlyForDeploymentPostprocessing = 0;
		};
/* End PBXFrameworksBuildPhase section */

/* Begin PBXGroup section */
		7BC900081C8A85F500F07576 /* Page */ = {
			isa = PBXGroup;
			children = (
				7BC900091C8A864800F07576 /* ZTBasePage.swift */,
				7BC9000B1C8A866200F07576 /* ZTLoginPage.swift */,
				7BC9000F1C8A86A100F07576 /* ZTRegisterPage.swift */,
				7BC9000D1C8A868000F07576 /* ZTGuidePage.swift */,
				7BC900111C8A872A00F07576 /* ZTBindPayPage.swift */,
			);
			name = Page;
			sourceTree = "<group>";
		};
		7BC9FFB11C8A789C00F07576 = {
			isa = PBXGroup;
			children = (
				7BC9FFBC1C8A789C00F07576 /* ZTTaxi */,
				7BC9FFD11C8A789C00F07576 /* ZTTaxiTests */,
				7BC9FFDC1C8A789C00F07576 /* ZTTaxiUITests */,
				7BC9FFBB1C8A789C00F07576 /* Products */,
			);
			sourceTree = "<group>";
		};
		7BC9FFBB1C8A789C00F07576 /* Products */ = {
			isa = PBXGroup;
			children = (
				7BC9FFBA1C8A789C00F07576 /* ZTTaxi.app */,
				7BC9FFCE1C8A789C00F07576 /* ZTTaxiTests.xctest */,
				7BC9FFD91C8A789C00F07576 /* ZTTaxiUITests.xctest */,
			);
			name = Products;
			sourceTree = "<group>";
		};
		7BC9FFBC1C8A789C00F07576 /* ZTTaxi */ = {
			isa = PBXGroup;
			children = (
				7BC9FFF71C8A824E00F07576 /* Frameworks */,
				7BC9FFF21C8A810E00F07576 /* Define */,
				7BC9FFF11C8A80FF00F07576 /* ThirdSDK */,
				7BC9FFF01C8A80E600F07576 /* Utility */,
				7BC9FFEF1C8A80D600F07576 /* DB */,
				7BC9FFEE1C8A80CD00F07576 /* View */,
				7BC9FFED1C8A80BD00F07576 /* Operation */,
				7BC9FFEC1C8A80A800F07576 /* Model */,
				7BC9FFEB1C8A809B00F07576 /* Global */,
				7BC9FFBD1C8A789C00F07576 /* AppDelegate.swift */,
				7BC9FFBF1C8A789C00F07576 /* ViewController.swift */,
				7BC9FFF31C8A813700F07576 /* Resources */,
			);
			path = ZTTaxi;
			sourceTree = "<group>";
		};
		7BC9FFD11C8A789C00F07576 /* ZTTaxiTests */ = {
			isa = PBXGroup;
			children = (
				7BC9FFD21C8A789C00F07576 /* ZTTaxiTests.swift */,
				7BC9FFD41C8A789C00F07576 /* Info.plist */,
			);
			path = ZTTaxiTests;
			sourceTree = "<group>";
		};
		7BC9FFDC1C8A789C00F07576 /* ZTTaxiUITests */ = {
			isa = PBXGroup;
			children = (
				7BC9FFDD1C8A789C00F07576 /* ZTTaxiUITests.swift */,
				7BC9FFDF1C8A789C00F07576 /* Info.plist */,
			);
			path = ZTTaxiUITests;
			sourceTree = "<group>";
		};
		7BC9FFEB1C8A809B00F07576 /* Global */ = {
			isa = PBXGroup;
			children = (
			);
			name = Global;
			sourceTree = "<group>";
		};
		7BC9FFEC1C8A80A800F07576 /* Model */ = {
			isa = PBXGroup;
			children = (
				7BC9FFFA1C8A82EE00F07576 /* ZTBaseInfo.swift */,
				7BC9FFFC1C8A832E00F07576 /* ZTUserInfo.swift */,
			);
			name = Model;
			sourceTree = "<group>";
		};
		7BC9FFED1C8A80BD00F07576 /* Operation */ = {
			isa = PBXGroup;
			children = (
				7BC9FFFE1C8A836900F07576 /* ZTOperation.swift */,
				7BC900021C8A83C900F07576 /* ZTRegister.swift */,
				7BC900041C8A83E700F07576 /* ZTGetCars.swift */,
				7BC900001C8A83A300F07576 /* ZTLogin.swift */,
			);
			name = Operation;
			sourceTree = "<group>";
		};
		7BC9FFEE1C8A80CD00F07576 /* View */ = {
			isa = PBXGroup;
			children = (
				7BC900061C8A843300F07576 /* ZTBaseViewController.swift */,
				7BC900081C8A85F500F07576 /* Page */,
			);
			name = View;
			sourceTree = "<group>";
		};
		7BC9FFEF1C8A80D600F07576 /* DB */ = {
			isa = PBXGroup;
			children = (
			);
			name = DB;
			sourceTree = "<group>";
		};
		7BC9FFF01C8A80E600F07576 /* Utility */ = {
			isa = PBXGroup;
			children = (
			);
			name = Utility;
			sourceTree = "<group>";
		};
		7BC9FFF11C8A80FF00F07576 /* ThirdSDK */ = {
			isa = PBXGroup;
			children = (
			);
			name = ThirdSDK;
			sourceTree = "<group>";
		};
		7BC9FFF21C8A810E00F07576 /* Define */ = {
			isa = PBXGroup;
			children = (
			);
			name = Define;
			sourceTree = "<group>";
		};
		7BC9FFF31C8A813700F07576 /* Resources */ = {
			isa = PBXGroup;
			children = (
				7BC9FFF61C8A81B200F07576 /* Config */,
				7BC9FFF51C8A81A300F07576 /* images */,
				7BC9FFF41C8A819D00F07576 /* Xib */,
			);
			name = Resources;
			sourceTree = "<group>";
		};
		7BC9FFF41C8A819D00F07576 /* Xib */ = {
			isa = PBXGroup;
			children = (
				7BC9FFC11C8A789C00F07576 /* Main.storyboard */,
				7BC9FFC61C8A789C00F07576 /* LaunchScreen.storyboard */,
			);
			name = Xib;
			sourceTree = "<group>";
		};
		7BC9FFF51C8A81A300F07576 /* images */ = {
			isa = PBXGroup;
			children = (
				7BC9FFC41C8A789C00F07576 /* Assets.xcassets */,
			);
			name = images;
			sourceTree = "<group>";
		};
		7BC9FFF61C8A81B200F07576 /* Config */ = {
			isa = PBXGroup;
			children = (
				7BC9FFC91C8A789C00F07576 /* Info.plist */,
			);
			name = Config;
			sourceTree = "<group>";
		};
		7BC9FFF71C8A824E00F07576 /* Frameworks */ = {
			isa = PBXGroup;
			children = (
			);
			name = Frameworks;
			sourceTree = "<group>";
		};
/* End PBXGroup section */

/* Begin PBXNativeTarget section */
		7BC9FFB91C8A789C00F07576 /* ZTTaxi */ = {
			isa = PBXNativeTarget;
			buildConfigurationList = 7BC9FFE21C8A789C00F07576 /* Build configuration list for PBXNativeTarget "ZTTaxi" */;
			buildPhases = (
				7BC9FFB61C8A789C00F07576 /* Sources */,
				7BC9FFB71C8A789C00F07576 /* Frameworks */,
				7BC9FFB81C8A789C00F07576 /* Resources */,
			);
			buildRules = (
			);
			dependencies = (
			);
			name = ZTTaxi;
			productName = ZTTaxi;
			productReference = 7BC9FFBA1C8A789C00F07576 /* ZTTaxi.app */;
			productType = "com.apple.product-type.application";
		};
		7BC9FFCD1C8A789C00F07576 /* ZTTaxiTests */ = {
			isa = PBXNativeTarget;
			buildConfigurationList = 7BC9FFE51C8A789C00F07576 /* Build configuration list for PBXNativeTarget "ZTTaxiTests" */;
			buildPhases = (
				7BC9FFCA1C8A789C00F07576 /* Sources */,
				7BC9FFCB1C8A789C00F07576 /* Frameworks */,
				7BC9FFCC1C8A789C00F07576 /* Resources */,
			);
			buildRules = (
			);
			dependencies = (
				7BC9FFD01C8A789C00F07576 /* PBXTargetDependency */,
			);
			name = ZTTaxiTests;
			productName = ZTTaxiTests;
			productReference = 7BC9FFCE1C8A789C00F07576 /* ZTTaxiTests.xctest */;
			productType = "com.apple.product-type.bundle.unit-test";
		};
		7BC9FFD81C8A789C00F07576 /* ZTTaxiUITests */ = {
			isa = PBXNativeTarget;
			buildConfigurationList = 7BC9FFE81C8A789C00F07576 /* Build configuration list for PBXNativeTarget "ZTTaxiUITests" */;
			buildPhases = (
				7BC9FFD51C8A789C00F07576 /* Sources */,
				7BC9FFD61C8A789C00F07576 /* Frameworks */,
				7BC9FFD71C8A789C00F07576 /* Resources */,
			);
			buildRules = (
			);
			dependencies = (
				7BC9FFDB1C8A789C00F07576 /* PBXTargetDependency */,
			);
			name = ZTTaxiUITests;
			productName = ZTTaxiUITests;
			productReference = 7BC9FFD91C8A789C00F07576 /* ZTTaxiUITests.xctest */;
			productType = "com.apple.product-type.bundle.ui-testing";
		};
/* End PBXNativeTarget section */

/* Begin PBXProject section */
		7BC9FFB21C8A789C00F07576 /* Project object */ = {
			isa = PBXProject;
			attributes = {
				CLASSPREFIX = ZT;
				LastSwiftUpdateCheck = 0720;
				LastUpgradeCheck = 0720;
				ORGANIZATIONNAME = zt;
				TargetAttributes = {
					7BC9FFB91C8A789C00F07576 = {
						CreatedOnToolsVersion = 7.2.1;
					};
					7BC9FFCD1C8A789C00F07576 = {
						CreatedOnToolsVersion = 7.2.1;
						TestTargetID = 7BC9FFB91C8A789C00F07576;
					};
					7BC9FFD81C8A789C00F07576 = {
						CreatedOnToolsVersion = 7.2.1;
						TestTargetID = 7BC9FFB91C8A789C00F07576;
					};
				};
			};
			buildConfigurationList = 7BC9FFB51C8A789C00F07576 /* Build configuration list for PBXProject "ZTTaxi" */;
			compatibilityVersion = "Xcode 3.2";
			developmentRegion = English;
			hasScannedForEncodings = 0;
			knownRegions = (
				en,
				Base,
			);
			mainGroup = 7BC9FFB11C8A789C00F07576;
			productRefGroup = 7BC9FFBB1C8A789C00F07576 /* Products */;
			projectDirPath = "";
			projectRoot = "";
			targets = (
				7BC9FFB91C8A789C00F07576 /* ZTTaxi */,
				7BC9FFCD1C8A789C00F07576 /* ZTTaxiTests */,
				7BC9FFD81C8A789C00F07576 /* ZTTaxiUITests */,
			);
		};
/* End PBXProject section */

/* Begin PBXResourcesBuildPhase section */
		7BC9FFB81C8A789C00F07576 /* Resources */ = {
			isa = PBXResourcesBuildPhase;
			buildActionMask = 2147483647;
			files = (
				7BC9FFC81C8A789C00F07576 /* LaunchScreen.storyboard in Resources */,
				7BC9FFC51C8A789C00F07576 /* Assets.xcassets in Resources */,
				7BC9FFC31C8A789C00F07576 /* Main.storyboard in Resources */,
			);
			runOnlyForDeploymentPostprocessing = 0;
		};
		7BC9FFCC1C8A789C00F07576 /* Resources */ = {
			isa = PBXResourcesBuildPhase;
			buildActionMask = 2147483647;
			files = (
			);
			runOnlyForDeploymentPostprocessing = 0;
		};
		7BC9FFD71C8A789C00F07576 /* Resources */ = {
			isa = PBXResourcesBuildPhase;
			buildActionMask = 2147483647;
			files = (
			);
			runOnlyForDeploymentPostprocessing = 0;
		};
/* End PBXResourcesBuildPhase section */

/* Begin PBXSourcesBuildPhase section */
		7BC9FFB61C8A789C00F07576 /* Sources */ = {
			isa = PBXSourcesBuildPhase;
			buildActionMask = 2147483647;
			files = (
				7BC9FFFD1C8A832E00F07576 /* ZTUserInfo.swift in Sources */,
				7BC9000E1C8A868000F07576 /* ZTGuidePage.swift in Sources */,
				7BC9000C1C8A866200F07576 /* ZTLoginPage.swift in Sources */,
				7BC900071C8A843300F07576 /* ZTBaseViewController.swift in Sources */,
				7BC900051C8A83E700F07576 /* ZTGetCars.swift in Sources */,
				7BC900031C8A83C900F07576 /* ZTRegister.swift in Sources */,
				7BC900011C8A83A300F07576 /* ZTLogin.swift in Sources */,
				7BC9FFFB1C8A82EE00F07576 /* ZTBaseInfo.swift in Sources */,
				7BC900101C8A86A100F07576 /* ZTRegisterPage.swift in Sources */,
				7BC9FFC01C8A789C00F07576 /* ViewController.swift in Sources */,
				7BC900121C8A872A00F07576 /* ZTBindPayPage.swift in Sources */,
				7BC9000A1C8A864800F07576 /* ZTBasePage.swift in Sources */,
				7BC9FFBE1C8A789C00F07576 /* AppDelegate.swift in Sources */,
				7BC9FFFF1C8A836900F07576 /* ZTOperation.swift in Sources */,
			);
			runOnlyForDeploymentPostprocessing = 0;
		};
		7BC9FFCA1C8A789C00F07576 /* Sources */ = {
			isa = PBXSourcesBuildPhase;
			buildActionMask = 2147483647;
			files = (
				7BC9FFD31C8A789C00F07576 /* ZTTaxiTests.swift in Sources */,
			);
			runOnlyForDeploymentPostprocessing = 0;
		};
		7BC9FFD51C8A789C00F07576 /* Sources */ = {
			isa = PBXSourcesBuildPhase;
			buildActionMask = 2147483647;
			files = (
				7BC9FFDE1C8A789C00F07576 /* ZTTaxiUITests.swift in Sources */,
			);
			runOnlyForDeploymentPostprocessing = 0;
		};
/* End PBXSourcesBuildPhase section */

/* Begin PBXTargetDependency section */
		7BC9FFD01C8A789C00F07576 /* PBXTargetDependency */ = {
			isa = PBXTargetDependency;
			target = 7BC9FFB91C8A789C00F07576 /* ZTTaxi */;
			targetProxy = 7BC9FFCF1C8A789C00F07576 /* PBXContainerItemProxy */;
		};
		7BC9FFDB1C8A789C00F07576 /* PBXTargetDependency */ = {
			isa = PBXTargetDependency;
			target = 7BC9FFB91C8A789C00F07576 /* ZTTaxi */;
			targetProxy = 7BC9FFDA1C8A789C00F07576 /* PBXContainerItemProxy */;
		};
/* End PBXTargetDependency section */

/* Begin PBXVariantGroup section */
		7BC9FFC11C8A789C00F07576 /* Main.storyboard */ = {
			isa = PBXVariantGroup;
			children = (
				7BC9FFC21C8A789C00F07576 /* Base */,
			);
			name = Main.storyboard;
			sourceTree = "<group>";
		};
		7BC9FFC61C8A789C00F07576 /* LaunchScreen.storyboard */ = {
			isa = PBXVariantGroup;
			children = (
				7BC9FFC71C8A789C00F07576 /* Base */,
			);
			name = LaunchScreen.storyboard;
			sourceTree = "<group>";
		};
/* End PBXVariantGroup section */

/* Begin XCBuildConfiguration section */
		7BC9FFE01C8A789C00F07576 /* Debug */ = {
			isa = XCBuildConfiguration;
			buildSettings = {
				ALWAYS_SEARCH_USER_PATHS = NO;
				CLANG_CXX_LANGUAGE_STANDARD = "gnu++0x";
				CLANG_CXX_LIBRARY = "libc++";
				CLANG_ENABLE_MODULES = YES;
				CLANG_ENABLE_OBJC_ARC = YES;
				CLANG_WARN_BOOL_CONVERSION = YES;
				CLANG_WARN_CONSTANT_CONVERSION = YES;
				CLANG_WARN_DIRECT_OBJC_ISA_USAGE = YES_ERROR;
				CLANG_WARN_EMPTY_BODY = YES;
				CLANG_WARN_ENUM_CONVERSION = YES;
				CLANG_WARN_INT_CONVERSION = YES;
				CLANG_WARN_OBJC_ROOT_CLASS = YES_ERROR;
				CLANG_WARN_UNREACHABLE_CODE = YES;
				CLANG_WARN__DUPLICATE_METHOD_MATCH = YES;
				"CODE_SIGN_IDENTITY[sdk=iphoneos*]" = "iPhone Developer";
				COPY_PHASE_STRIP = NO;
				DEBUG_INFORMATION_FORMAT = dwarf;
				ENABLE_STRICT_OBJC_MSGSEND = YES;
				ENABLE_TESTABILITY = YES;
				GCC_C_LANGUAGE_STANDARD = gnu99;
				GCC_DYNAMIC_NO_PIC = NO;
				GCC_NO_COMMON_BLOCKS = YES;
				GCC_OPTIMIZATION_LEVEL = 0;
				GCC_PREPROCESSOR_DEFINITIONS = (
					"DEBUG=1",
					"$(inherited)",
				);
				GCC_WARN_64_TO_32_BIT_CONVERSION = YES;
				GCC_WARN_ABOUT_RETURN_TYPE = YES_ERROR;
				GCC_WARN_UNDECLARED_SELECTOR = YES;
				GCC_WARN_UNINITIALIZED_AUTOS = YES_AGGRESSIVE;
				GCC_WARN_UNUSED_FUNCTION = YES;
				GCC_WARN_UNUSED_VARIABLE = YES;
				IPHONEOS_DEPLOYMENT_TARGET = 9.2;
				MTL_ENABLE_DEBUG_INFO = YES;
				ONLY_ACTIVE_ARCH = YES;
				SDKROOT = iphoneos;
				SWIFT_OPTIMIZATION_LEVEL = "-Onone";
			};
			name = Debug;
		};
		7BC9FFE11C8A789C00F07576 /* Release */ = {
			isa = XCBuildConfiguration;
			buildSettings = {
				ALWAYS_SEARCH_USER_PATHS = NO;
				CLANG_CXX_LANGUAGE_STANDARD = "gnu++0x";
				CLANG_CXX_LIBRARY = "libc++";
				CLANG_ENABLE_MODULES = YES;
				CLANG_ENABLE_OBJC_ARC = YES;
				CLANG_WARN_BOOL_CONVERSION = YES;
				CLANG_WARN_CONSTANT_CONVERSION = YES;
				CLANG_WARN_DIRECT_OBJC_ISA_USAGE = YES_ERROR;
				CLANG_WARN_EMPTY_BODY = YES;
				CLANG_WARN_ENUM_CONVERSION = YES;
				CLANG_WARN_INT_CONVERSION = YES;
				CLANG_WARN_OBJC_ROOT_CLASS = YES_ERROR;
				CLANG_WARN_UNREACHABLE_CODE = YES;
				CLANG_WARN__DUPLICATE_METHOD_MATCH = YES;
				"CODE_SIGN_IDENTITY[sdk=iphoneos*]" = "iPhone Developer";
				COPY_PHASE_STRIP = NO;
				DEBUG_INFORMATION_FORMAT = "dwarf-with-dsym";
				ENABLE_NS_ASSERTIONS = NO;
				ENABLE_STRICT_OBJC_MSGSEND = YES;
				GCC_C_LANGUAGE_STANDARD = gnu99;
				GCC_NO_COMMON_BLOCKS = YES;
				GCC_WARN_64_TO_32_BIT_CONVERSION = YES;
				GCC_WARN_ABOUT_RETURN_TYPE = YES_ERROR;
				GCC_WARN_UNDECLARED_SELECTOR = YES;
				GCC_WARN_UNINITIALIZED_AUTOS = YES_AGGRESSIVE;
				GCC_WARN_UNUSED_FUNCTION = YES;
				GCC_WARN_UNUSED_VARIABLE = YES;
				IPHONEOS_DEPLOYMENT_TARGET = 9.2;
				MTL_ENABLE_DEBUG_INFO = NO;
				SDKROOT = iphoneos;
				VALIDATE_PRODUCT = YES;
			};
			name = Release;
		};
		7BC9FFE31C8A789C00F07576 /* Debug */ = {
			isa = XCBuildConfiguration;
			buildSettings = {
				ASSETCATALOG_COMPILER_APPICON_NAME = AppIcon;
				INFOPLIST_FILE = ZTTaxi/Info.plist;
				IPHONEOS_DEPLOYMENT_TARGET = 7.0;
				LD_RUNPATH_SEARCH_PATHS = "$(inherited) @executable_path/Frameworks";
				PRODUCT_BUNDLE_IDENTIFIER = cn.zt.ZTTaxi;
				PRODUCT_NAME = "$(TARGET_NAME)";
			};
			name = Debug;
		};
		7BC9FFE41C8A789C00F07576 /* Release */ = {
			isa = XCBuildConfiguration;
			buildSettings = {
				ASSETCATALOG_COMPILER_APPICON_NAME = AppIcon;
				INFOPLIST_FILE = ZTTaxi/Info.plist;
				IPHONEOS_DEPLOYMENT_TARGET = 7.0;
				LD_RUNPATH_SEARCH_PATHS = "$(inherited) @executable_path/Frameworks";
				PRODUCT_BUNDLE_IDENTIFIER = cn.zt.ZTTaxi;
				PRODUCT_NAME = "$(TARGET_NAME)";
			};
			name = Release;
		};
		7BC9FFE61C8A789C00F07576 /* Debug */ = {
			isa = XCBuildConfiguration;
			buildSettings = {
				BUNDLE_LOADER = "$(TEST_HOST)";
				INFOPLIST_FILE = ZTTaxiTests/Info.plist;
				LD_RUNPATH_SEARCH_PATHS = "$(inherited) @executable_path/Frameworks @loader_path/Frameworks";
				PRODUCT_BUNDLE_IDENTIFIER = cn.zt.ZTTaxiTests;
				PRODUCT_NAME = "$(TARGET_NAME)";
				TEST_HOST = "$(BUILT_PRODUCTS_DIR)/ZTTaxi.app/ZTTaxi";
			};
			name = Debug;
		};
		7BC9FFE71C8A789C00F07576 /* Release */ = {
			isa = XCBuildConfiguration;
			buildSettings = {
				BUNDLE_LOADER = "$(TEST_HOST)";
				INFOPLIST_FILE = ZTTaxiTests/Info.plist;
				LD_RUNPATH_SEARCH_PATHS = "$(inherited) @executable_path/Frameworks @loader_path/Frameworks";
				PRODUCT_BUNDLE_IDENTIFIER = cn.zt.ZTTaxiTests;
				PRODUCT_NAME = "$(TARGET_NAME)";
				TEST_HOST = "$(BUILT_PRODUCTS_DIR)/ZTTaxi.app/ZTTaxi";
			};
			name = Release;
		};
		7BC9FFE91C8A789C00F07576 /* Debug */ = {
			isa = XCBuildConfiguration;
			buildSettings = {
				INFOPLIST_FILE = ZTTaxiUITests/Info.plist;
				LD_RUNPATH_SEARCH_PATHS = "$(inherited) @executable_path/Frameworks @loader_path/Frameworks";
				PRODUCT_BUNDLE_IDENTIFIER = cn.zt.ZTTaxiUITests;
				PRODUCT_NAME = "$(TARGET_NAME)";
				TEST_TARGET_NAME = ZTTaxi;
				USES_XCTRUNNER = YES;
			};
			name = Debug;
		};
		7BC9FFEA1C8A789C00F07576 /* Release */ = {
			isa = XCBuildConfiguration;
			buildSettings = {
				INFOPLIST_FILE = ZTTaxiUITests/Info.plist;
				LD_RUNPATH_SEARCH_PATHS = "$(inherited) @executable_path/Frameworks @loader_path/Frameworks";
				PRODUCT_BUNDLE_IDENTIFIER = cn.zt.ZTTaxiUITests;
				PRODUCT_NAME = "$(TARGET_NAME)";
				TEST_TARGET_NAME = ZTTaxi;
				USES_XCTRUNNER = YES;
			};
			name = Release;
		};
/* End XCBuildConfiguration section */

/* Begin XCConfigurationList section */
		7BC9FFB51C8A789C00F07576 /* Build configuration list for PBXProject "ZTTaxi" */ = {
			isa = XCConfigurationList;
			buildConfigurations = (
				7BC9FFE01C8A789C00F07576 /* Debug */,
				7BC9FFE11C8A789C00F07576 /* Release */,
			);
			defaultConfigurationIsVisible = 0;
			defaultConfigurationName = Release;
		};
		7BC9FFE21C8A789C00F07576 /* Build configuration list for PBXNativeTarget "ZTTaxi" */ = {
			isa = XCConfigurationList;
			buildConfigurations = (
				7BC9FFE31C8A789C00F07576 /* Debug */,
				7BC9FFE41C8A789C00F07576 /* Release */,
			);
			defaultConfigurationIsVisible = 0;
			defaultConfigurationName = Release;
		};
		7BC9FFE51C8A789C00F07576 /* Build configuration list for PBXNativeTarget "ZTTaxiTests" */ = {
			isa = XCConfigurationList;
			buildConfigurations = (
				7BC9FFE61C8A789C00F07576 /* Debug */,
				7BC9FFE71C8A789C00F07576 /* Release */,
			);
			defaultConfigurationIsVisible = 0;
			defaultConfigurationName = Release;
		};
		7BC9FFE81C8A789C00F07576 /* Build configuration list for PBXNativeTarget "ZTTaxiUITests" */ = {
			isa = XCConfigurationList;
			buildConfigurations = (
				7BC9FFE91C8A789C00F07576 /* Debug */,
				7BC9FFEA1C8A789C00F07576 /* Release */,
			);
			defaultConfigurationIsVisible = 0;
			defaultConfigurationName = Release;
		};
/* End XCConfigurationList section */
	};
	rootObject = 7BC9FFB21C8A789C00F07576 /* Project object */;
}
